
Microsoft Visual Studio Solution File, Format Version 12.00
# Visual Studio Version 16
VisualStudioVersion = 16.0.31702.278
MinimumVisualStudioVersion = 10.0.40219.1
Project("{FAE04EC0-301F-11D3-BF4B-00C04F79EFBC}") = "WindowsFormsApp1", "WindowsFormsApp1\WindowsFormsApp1.csproj", "{989B2367-B7B8-4C38-B6EC-19545A0DE5DE}"
EndProject
Global
	GlobalSection(SolutionConfigurationPlatforms) = preSolution
		Debug|Any CPU = Debug|Any CPU
		Release|Any CPU = Release|Any CPU
	EndGlobalSection
	GlobalSection(ProjectConfigurationPlatforms) = postSolution
		{989B2367-B7B8-4C38-B6EC-19545A0DE5DE}.Debug|Any CPU.ActiveCfg = Debug|Any CPU
		{989B2367-B7B8-4C38-B6EC-19545A0DE5DE}.Debug|Any CPU.Build.0 = Debug|Any CPU
		{989B2367-B7B8-4C38-B6EC-19545A0DE5DE}.Release|Any CPU.ActiveCfg = Release|Any CPU
		{989B2367-B7B8-4C38-B6EC-19545A0DE5DE}.Release|Any CPU.Build.0 = Release|Any CPU
	EndGlobalSection
	GlobalSection(SolutionProperties) = preSolution
		HideSolutionNode = FALSE
	EndGlobalSection
	GlobalSection(ExtensibilityGlobals) = postSolution
		SolutionGuid = {A6535013-FA01-4666-BC6B-22F2437BC963}
	EndGlobalSection
EndGlobal
